
Microsoft Visual Studio Solution File, Format Version 12.00
# Visual Studio Version 16
VisualStudioVersion = 16.0.30907.101
MinimumVisualStudioVersion = 10.0.40219.1
Project("{FAE04EC0-301F-11D3-BF4B-00C04F79EFBC}") = "MyDictionary", "MyDictionary\MyDictionary.csproj", "{505F8131-2EBE-4131-82A8-FE7C56E2445F}"
EndProject
Global
	GlobalSection(SolutionConfigurationPlatforms) = preSolution
		Debug|Any CPU = Debug|Any CPU
		Release|Any CPU = Release|Any CPU
	EndGlobalSection
	GlobalSection(ProjectConfigurationPlatforms) = postSolution
		{505F8131-2EBE-4131-82A8-FE7C56E2445F}.Debug|Any CPU.ActiveCfg = Debug|Any CPU
		{505F8131-2EBE-4131-82A8-FE7C56E2445F}.Debug|Any CPU.Build.0 = Debug|Any CPU
		{505F8131-2EBE-4131-82A8-FE7C56E2445F}.Release|Any CPU.ActiveCfg = Release|Any CPU
		{505F8131-2EBE-4131-82A8-FE7C56E2445F}.Release|Any CPU.Build.0 = Release|Any CPU
	EndGlobalSection
	GlobalSection(SolutionProperties) = preSolution
		HideSolutionNode = FALSE
	EndGlobalSection
	GlobalSection(ExtensibilityGlobals) = postSolution
		SolutionGuid = {C343D98D-2417-45DD-915D-94F8DFFEDD1F}
	EndGlobalSection
EndGlobal
